
Microsoft Visual Studio Solution File, Format Version 12.00
# Visual Studio Version 16
VisualStudioVersion = 16.0.29215.179
MinimumVisualStudioVersion = 10.0.40219.1
Project("{FAE04EC0-301F-11D3-BF4B-00C04F79EFBC}") = "ModuleWeb", "ModuleWeb\ModuleWeb.csproj", "{9781C321-FCB8-467C-AB52-5682C436BFDE}"
EndProject
Global
	GlobalSection(SolutionConfigurationPlatforms) = preSolution
		Debug|Any CPU = Debug|Any CPU
		Release|Any CPU = Release|Any CPU
	EndGlobalSection
	GlobalSection(ProjectConfigurationPlatforms) = postSolution
		{9781C321-FCB8-467C-AB52-5682C436BFDE}.Debug|Any CPU.ActiveCfg = Debug|Any CPU
		{9781C321-FCB8-467C-AB52-5682C436BFDE}.Debug|Any CPU.Build.0 = Debug|Any CPU
		{9781C321-FCB8-467C-AB52-5682C436BFDE}.Release|Any CPU.ActiveCfg = Release|Any CPU
		{9781C321-FCB8-467C-AB52-5682C436BFDE}.Release|Any CPU.Build.0 = Release|Any CPU
	EndGlobalSection
	GlobalSection(SolutionProperties) = preSolution
		HideSolutionNode = FALSE
	EndGlobalSection
	GlobalSection(ExtensibilityGlobals) = postSolution
		SolutionGuid = {A0E467F8-6113-4F4B-883F-40D4A6DAD70F}
	EndGlobalSection
EndGlobal
