
Microsoft Visual Studio Solution File, Format Version 12.00
# Visual Studio 15
VisualStudioVersion = 15.0.27428.2005
MinimumVisualStudioVersion = 10.0.40219.1
Project("{FAE04EC0-301F-11D3-BF4B-00C04F79EFBC}") = "OouiApplication", "OouiApplication\OouiApplication.csproj", "{4DB134F3-6269-49DD-8708-796CA31AEB41}"
EndProject
Global
	GlobalSection(SolutionConfigurationPlatforms) = preSolution
		Debug|Any CPU = Debug|Any CPU
		Release|Any CPU = Release|Any CPU
	EndGlobalSection
	GlobalSection(ProjectConfigurationPlatforms) = postSolution
		{4DB134F3-6269-49DD-8708-796CA31AEB41}.Debug|Any CPU.ActiveCfg = Debug|Any CPU
		{4DB134F3-6269-49DD-8708-796CA31AEB41}.Debug|Any CPU.Build.0 = Debug|Any CPU
		{4DB134F3-6269-49DD-8708-796CA31AEB41}.Release|Any CPU.ActiveCfg = Release|Any CPU
		{4DB134F3-6269-49DD-8708-796CA31AEB41}.Release|Any CPU.Build.0 = Release|Any CPU
	EndGlobalSection
	GlobalSection(SolutionProperties) = preSolution
		HideSolutionNode = FALSE
	EndGlobalSection
	GlobalSection(ExtensibilityGlobals) = postSolution
		SolutionGuid = {499DAE5B-5393-4E94-93D9-B1090712F434}
	EndGlobalSection
EndGlobal
