
Microsoft Visual Studio Solution File, Format Version 12.00
# Visual Studio 15
VisualStudioVersion = 15.0.26403.7
MinimumVisualStudioVersion = 10.0.40219.1
Project("{9A19103F-16F7-4668-BE54-9A1E7A4F7556}") = "Application.Web", "Application.Web\Application.Web.csproj", "{C4F8C7D7-9C25-4247-BE91-E8A3B8C3A486}"
EndProject
Project("{2150E333-8FDC-42A3-9474-1A3956D46DE8}") = "Solution Items", "Solution Items", "{24BA65AE-62CD-43A2-95D3-00FF1DF7E64D}"
	ProjectSection(SolutionItems) = preProject
		.editorconfig = .editorconfig
		.gitattributes = .gitattributes
		.gitignore = .gitignore
		README.md = README.md
		Smart.AspNetCore.ruleset = Smart.AspNetCore.ruleset
		Smart.Data.ruleset = Smart.Data.ruleset
		WebApplication.ruleset = WebApplication.ruleset
		WebApplication.sln.DotSettings = WebApplication.sln.DotSettings
	EndProjectSection
EndProject
Project("{9A19103F-16F7-4668-BE54-9A1E7A4F7556}") = "Smart.Data", "Smart.Data\Smart.Data.csproj", "{C9FDCB7A-CA27-47D0-95D3-688F0750188A}"
EndProject
Project("{9A19103F-16F7-4668-BE54-9A1E7A4F7556}") = "Smart.AspNetCore", "Smart.AspNetCore\Smart.AspNetCore.csproj", "{B22B51A0-BC1E-46FF-B0A6-5FECA22F8BDF}"
EndProject
Project("{FAE04EC0-301F-11D3-BF4B-00C04F79EFBC}") = "Smart.Data.SqlClient", "Smart.Data.SqlClient\Smart.Data.SqlClient.csproj", "{8F55B4F2-397A-4CCE-ADC6-815446567F1A}"
EndProject
Global
	GlobalSection(SolutionConfigurationPlatforms) = preSolution
		Debug|Any CPU = Debug|Any CPU
		Release|Any CPU = Release|Any CPU
	EndGlobalSection
	GlobalSection(ProjectConfigurationPlatforms) = postSolution
		{C4F8C7D7-9C25-4247-BE91-E8A3B8C3A486}.Debug|Any CPU.ActiveCfg = Debug|Any CPU
		{C4F8C7D7-9C25-4247-BE91-E8A3B8C3A486}.Debug|Any CPU.Build.0 = Debug|Any CPU
		{C4F8C7D7-9C25-4247-BE91-E8A3B8C3A486}.Release|Any CPU.ActiveCfg = Release|Any CPU
		{C4F8C7D7-9C25-4247-BE91-E8A3B8C3A486}.Release|Any CPU.Build.0 = Release|Any CPU
		{C9FDCB7A-CA27-47D0-95D3-688F0750188A}.Debug|Any CPU.ActiveCfg = Debug|Any CPU
		{C9FDCB7A-CA27-47D0-95D3-688F0750188A}.Debug|Any CPU.Build.0 = Debug|Any CPU
		{C9FDCB7A-CA27-47D0-95D3-688F0750188A}.Release|Any CPU.ActiveCfg = Release|Any CPU
		{C9FDCB7A-CA27-47D0-95D3-688F0750188A}.Release|Any CPU.Build.0 = Release|Any CPU
		{B22B51A0-BC1E-46FF-B0A6-5FECA22F8BDF}.Debug|Any CPU.ActiveCfg = Debug|Any CPU
		{B22B51A0-BC1E-46FF-B0A6-5FECA22F8BDF}.Debug|Any CPU.Build.0 = Debug|Any CPU
		{B22B51A0-BC1E-46FF-B0A6-5FECA22F8BDF}.Release|Any CPU.ActiveCfg = Release|Any CPU
		{B22B51A0-BC1E-46FF-B0A6-5FECA22F8BDF}.Release|Any CPU.Build.0 = Release|Any CPU
		{8F55B4F2-397A-4CCE-ADC6-815446567F1A}.Debug|Any CPU.ActiveCfg = Debug|Any CPU
		{8F55B4F2-397A-4CCE-ADC6-815446567F1A}.Debug|Any CPU.Build.0 = Debug|Any CPU
		{8F55B4F2-397A-4CCE-ADC6-815446567F1A}.Release|Any CPU.ActiveCfg = Release|Any CPU
		{8F55B4F2-397A-4CCE-ADC6-815446567F1A}.Release|Any CPU.Build.0 = Release|Any CPU
	EndGlobalSection
	GlobalSection(SolutionProperties) = preSolution
		HideSolutionNode = FALSE
	EndGlobalSection
EndGlobal
