
Microsoft Visual Studio Solution File, Format Version 12.00
# Visual Studio 15
VisualStudioVersion = 15.0.27703.2026
MinimumVisualStudioVersion = 10.0.40219.1
Project("{FAE04EC0-301F-11D3-BF4B-00C04F79EFBC}") = "AreaExample", "AreaExample\AreaExample.csproj", "{231C5B72-DA71-4E90-B558-D50E254FD84C}"
EndProject
Global
	GlobalSection(SolutionConfigurationPlatforms) = preSolution
		Debug|Any CPU = Debug|Any CPU
		Release|Any CPU = Release|Any CPU
	EndGlobalSection
	GlobalSection(ProjectConfigurationPlatforms) = postSolution
		{231C5B72-DA71-4E90-B558-D50E254FD84C}.Debug|Any CPU.ActiveCfg = Debug|Any CPU
		{231C5B72-DA71-4E90-B558-D50E254FD84C}.Debug|Any CPU.Build.0 = Debug|Any CPU
		{231C5B72-DA71-4E90-B558-D50E254FD84C}.Release|Any CPU.ActiveCfg = Release|Any CPU
		{231C5B72-DA71-4E90-B558-D50E254FD84C}.Release|Any CPU.Build.0 = Release|Any CPU
	EndGlobalSection
	GlobalSection(SolutionProperties) = preSolution
		HideSolutionNode = FALSE
	EndGlobalSection
	GlobalSection(ExtensibilityGlobals) = postSolution
		SolutionGuid = {2C71F2AC-2212-47CB-BE4C-45689A40225F}
	EndGlobalSection
EndGlobal
