
Microsoft Visual Studio Solution File, Format Version 12.00
# Visual Studio Version 16
VisualStudioVersion = 16.0.29519.181
MinimumVisualStudioVersion = 10.0.40219.1
Project("{FAE04EC0-301F-11D3-BF4B-00C04F79EFBC}") = "WorkBlazorMvc", "WorkBlazorMvc\WorkBlazorMvc.csproj", "{4E40F7EB-3706-45EC-B0C5-898E3DDCE0B1}"
EndProject
Global
	GlobalSection(SolutionConfigurationPlatforms) = preSolution
		Debug|Any CPU = Debug|Any CPU
		Release|Any CPU = Release|Any CPU
	EndGlobalSection
	GlobalSection(ProjectConfigurationPlatforms) = postSolution
		{4E40F7EB-3706-45EC-B0C5-898E3DDCE0B1}.Debug|Any CPU.ActiveCfg = Debug|Any CPU
		{4E40F7EB-3706-45EC-B0C5-898E3DDCE0B1}.Debug|Any CPU.Build.0 = Debug|Any CPU
		{4E40F7EB-3706-45EC-B0C5-898E3DDCE0B1}.Release|Any CPU.ActiveCfg = Release|Any CPU
		{4E40F7EB-3706-45EC-B0C5-898E3DDCE0B1}.Release|Any CPU.Build.0 = Release|Any CPU
	EndGlobalSection
	GlobalSection(SolutionProperties) = preSolution
		HideSolutionNode = FALSE
	EndGlobalSection
	GlobalSection(ExtensibilityGlobals) = postSolution
		SolutionGuid = {201E7725-F3B8-4647-A977-1CBE38735A7B}
	EndGlobalSection
EndGlobal
