
Microsoft Visual Studio Solution File, Format Version 12.00
# Visual Studio Version 16
VisualStudioVersion = 16.0.30114.105
MinimumVisualStudioVersion = 10.0.40219.1
Project("{FAE04EC0-301F-11D3-BF4B-00C04F79EFBC}") = "WorkBlazorWebAssembly.Server", "WorkBlazorWebAssembly\Server\WorkBlazorWebAssembly.Server.csproj", "{4DEA75AB-36DA-4B6B-BF17-062A4E7AD5E8}"
EndProject
Project("{FAE04EC0-301F-11D3-BF4B-00C04F79EFBC}") = "WorkBlazorWebAssembly.Client", "WorkBlazorWebAssembly\Client\WorkBlazorWebAssembly.Client.csproj", "{47CD11C4-56CC-4656-AD84-777E7207D31E}"
EndProject
Project("{FAE04EC0-301F-11D3-BF4B-00C04F79EFBC}") = "WorkBlazorWebAssembly.Shared", "WorkBlazorWebAssembly\Shared\WorkBlazorWebAssembly.Shared.csproj", "{AAA68638-8A98-43A3-A1C7-C73F2928F8AF}"
EndProject
Global
	GlobalSection(SolutionConfigurationPlatforms) = preSolution
		Debug|Any CPU = Debug|Any CPU
		Release|Any CPU = Release|Any CPU
	EndGlobalSection
	GlobalSection(ProjectConfigurationPlatforms) = postSolution
		{4DEA75AB-36DA-4B6B-BF17-062A4E7AD5E8}.Debug|Any CPU.ActiveCfg = Debug|Any CPU
		{4DEA75AB-36DA-4B6B-BF17-062A4E7AD5E8}.Debug|Any CPU.Build.0 = Debug|Any CPU
		{4DEA75AB-36DA-4B6B-BF17-062A4E7AD5E8}.Release|Any CPU.ActiveCfg = Release|Any CPU
		{4DEA75AB-36DA-4B6B-BF17-062A4E7AD5E8}.Release|Any CPU.Build.0 = Release|Any CPU
		{47CD11C4-56CC-4656-AD84-777E7207D31E}.Debug|Any CPU.ActiveCfg = Debug|Any CPU
		{47CD11C4-56CC-4656-AD84-777E7207D31E}.Debug|Any CPU.Build.0 = Debug|Any CPU
		{47CD11C4-56CC-4656-AD84-777E7207D31E}.Release|Any CPU.ActiveCfg = Release|Any CPU
		{47CD11C4-56CC-4656-AD84-777E7207D31E}.Release|Any CPU.Build.0 = Release|Any CPU
		{AAA68638-8A98-43A3-A1C7-C73F2928F8AF}.Debug|Any CPU.ActiveCfg = Debug|Any CPU
		{AAA68638-8A98-43A3-A1C7-C73F2928F8AF}.Debug|Any CPU.Build.0 = Debug|Any CPU
		{AAA68638-8A98-43A3-A1C7-C73F2928F8AF}.Release|Any CPU.ActiveCfg = Release|Any CPU
		{AAA68638-8A98-43A3-A1C7-C73F2928F8AF}.Release|Any CPU.Build.0 = Release|Any CPU
	EndGlobalSection
	GlobalSection(SolutionProperties) = preSolution
		HideSolutionNode = FALSE
	EndGlobalSection
	GlobalSection(ExtensibilityGlobals) = postSolution
		SolutionGuid = {10E94F45-A2E1-44C8-BC7D-B7063554B7BD}
	EndGlobalSection
EndGlobal
