
Microsoft Visual Studio Solution File, Format Version 12.00
# Visual Studio Version 16
VisualStudioVersion = 16.0.29728.190
MinimumVisualStudioVersion = 10.0.40219.1
Project("{FAE04EC0-301F-11D3-BF4B-00C04F79EFBC}") = "WebApplication", "WebApplication\WebApplication.csproj", "{1BEED086-4793-43BA-BCD2-6D2D2063ABA6}"
EndProject
Global
	GlobalSection(SolutionConfigurationPlatforms) = preSolution
		Debug|Any CPU = Debug|Any CPU
		Release|Any CPU = Release|Any CPU
	EndGlobalSection
	GlobalSection(ProjectConfigurationPlatforms) = postSolution
		{1BEED086-4793-43BA-BCD2-6D2D2063ABA6}.Debug|Any CPU.ActiveCfg = Debug|Any CPU
		{1BEED086-4793-43BA-BCD2-6D2D2063ABA6}.Debug|Any CPU.Build.0 = Debug|Any CPU
		{1BEED086-4793-43BA-BCD2-6D2D2063ABA6}.Release|Any CPU.ActiveCfg = Release|Any CPU
		{1BEED086-4793-43BA-BCD2-6D2D2063ABA6}.Release|Any CPU.Build.0 = Release|Any CPU
	EndGlobalSection
	GlobalSection(SolutionProperties) = preSolution
		HideSolutionNode = FALSE
	EndGlobalSection
	GlobalSection(ExtensibilityGlobals) = postSolution
		SolutionGuid = {A59FA09E-243E-4253-8566-C2FF3C4A050F}
	EndGlobalSection
EndGlobal
