
Microsoft Visual Studio Solution File, Format Version 12.00
# Visual Studio 15
VisualStudioVersion = 15.0.28010.2026
MinimumVisualStudioVersion = 10.0.40219.1
Project("{FAE04EC0-301F-11D3-BF4B-00C04F79EFBC}") = "LibManExample", "LibManExample\LibManExample.csproj", "{787376C8-AC88-40F3-84B6-07F6DC08B997}"
EndProject
Global
	GlobalSection(SolutionConfigurationPlatforms) = preSolution
		Debug|Any CPU = Debug|Any CPU
		Release|Any CPU = Release|Any CPU
	EndGlobalSection
	GlobalSection(ProjectConfigurationPlatforms) = postSolution
		{787376C8-AC88-40F3-84B6-07F6DC08B997}.Debug|Any CPU.ActiveCfg = Debug|Any CPU
		{787376C8-AC88-40F3-84B6-07F6DC08B997}.Debug|Any CPU.Build.0 = Debug|Any CPU
		{787376C8-AC88-40F3-84B6-07F6DC08B997}.Release|Any CPU.ActiveCfg = Release|Any CPU
		{787376C8-AC88-40F3-84B6-07F6DC08B997}.Release|Any CPU.Build.0 = Release|Any CPU
	EndGlobalSection
	GlobalSection(SolutionProperties) = preSolution
		HideSolutionNode = FALSE
	EndGlobalSection
	GlobalSection(ExtensibilityGlobals) = postSolution
		SolutionGuid = {46695C04-9437-4406-B8F3-04C55173E3B8}
	EndGlobalSection
EndGlobal
